
Microsoft Visual Studio Solution File, Format Version 12.00
# Visual Studio Version 16
VisualStudioVersion = 16.0.29613.14
MinimumVisualStudioVersion = 10.0.40219.1
Project("{FAE04EC0-301F-11D3-BF4B-00C04F79EFBC}") = "BlazorPsyNotes", "BlazorPsyNotes\BlazorPsyNotes.csproj", "{C4901952-B7A0-4573-82C0-6C06F0BDC6E7}"
EndProject
Global
	GlobalSection(SolutionConfigurationPlatforms) = preSolution
		Debug|Any CPU = Debug|Any CPU
		Release|Any CPU = Release|Any CPU
	EndGlobalSection
	GlobalSection(ProjectConfigurationPlatforms) = postSolution
		{C4901952-B7A0-4573-82C0-6C06F0BDC6E7}.Debug|Any CPU.ActiveCfg = Debug|Any CPU
		{C4901952-B7A0-4573-82C0-6C06F0BDC6E7}.Debug|Any CPU.Build.0 = Debug|Any CPU
		{C4901952-B7A0-4573-82C0-6C06F0BDC6E7}.Release|Any CPU.ActiveCfg = Release|Any CPU
		{C4901952-B7A0-4573-82C0-6C06F0BDC6E7}.Release|Any CPU.Build.0 = Release|Any CPU
	EndGlobalSection
	GlobalSection(SolutionProperties) = preSolution
		HideSolutionNode = FALSE
	EndGlobalSection
	GlobalSection(ExtensibilityGlobals) = postSolution
		SolutionGuid = {E7E5F495-2233-4710-8D90-B07472750074}
	EndGlobalSection
EndGlobal
